{
  "name": "digitalgrin",
  "requires": true,
  "lockfileVersion": 1,
  "dependencies": {
    "object-assign": {
      "version": "4.1.1",
      "resolved": "https://registry.npmjs.org/object-assign/-/object-assign-4.1.1.tgz",
      "integrity": "sha1-IQmtx5ZYh8/AXLvUQsrIv7s2CGM="
    },
    "octicons": {
      "version": "8.5.0",
      "resolved": "https://registry.npmjs.org/octicons/-/octicons-8.5.0.tgz",
      "integrity": "sha512-l4GCHwBvStuwVfIuqUx/ktFJQJdCqLnd0bi2dvYZzkza6wj9EUksfMUlTqyVMULbPIvRTXxOqn/W07fsMu1bXA==",
      "requires": {
        "object-assign": "^4.1.1"
      }
    }
  }
}
